// !$*UTF8*$!
{
	archiveVersion = 1;
	classes = {
	};
	objectVersion = 50;
	objects = {

/* Begin PBXBuildFile section */
		433FF8BB23795200004BD4EC /* AppDelegate.swift in Sources */ = {isa = PBXBuildFile; fileRef = 433FF8BA23795200004BD4EC /* AppDelegate.swift */; };
		433FF8BD23795200004BD4EC /* SceneDelegate.swift in Sources */ = {isa = PBXBuildFile; fileRef = 433FF8BC23795200004BD4EC /* SceneDelegate.swift */; };
		433FF8BF23795200004BD4EC /* ContentView.swift in Sources */ = {isa = PBXBuildFile; fileRef = 433FF8BE23795200004BD4EC /* ContentView.swift */; };
		433FF8C123795201004BD4EC /* Assets.xcassets in Resources */ = {isa = PBXBuildFile; fileRef = 433FF8C023795201004BD4EC /* Assets.xcassets */; };
		433FF8C423795201004BD4EC /* Preview Assets.xcassets in Resources */ = {isa = PBXBuildFile; fileRef = 433FF8C323795201004BD4EC /* Preview Assets.xcassets */; };
		433FF8C723795201004BD4EC /* LaunchScreen.storyboard in Resources */ = {isa = PBXBuildFile; fileRef = 433FF8C523795201004BD4EC /* LaunchScreen.storyboard */; };
/* End PBXBuildFile section */

/* Begin PBXFileReference section */
		433FF8B723795200004BD4EC /* poke_type.app */ = {isa = PBXFileReference; explicitFileType = wrapper.application; includeInIndex = 0; path = poke_type.app; sourceTree = BUILT_PRODUCTS_DIR; };
		433FF8BA23795200004BD4EC /* AppDelegate.swift */ = {isa = PBXFileReference; lastKnownFileType = sourcecode.swift; path = AppDelegate.swift; sourceTree = "<group>"; };
		433FF8BC23795200004BD4EC /* SceneDelegate.swift */ = {isa = PBXFileReference; lastKnownFileType = sourcecode.swift; path = SceneDelegate.swift; sourceTree = "<group>"; };
		433FF8BE23795200004BD4EC /* ContentView.swift */ = {isa = PBXFileReference; lastKnownFileType = sourcecode.swift; path = ContentView.swift; sourceTree = "<group>"; };
		433FF8C023795201004BD4EC /* Assets.xcassets */ = {isa = PBXFileReference; lastKnownFileType = folder.assetcatalog; path = Assets.xcassets; sourceTree = "<group>"; };
		433FF8C323795201004BD4EC /* Preview Assets.xcassets */ = {isa = PBXFileReference; lastKnownFileType = folder.assetcatalog; path = "Preview Assets.xcassets"; sourceTree = "<group>"; };
		433FF8C623795201004BD4EC /* Base */ = {isa = PBXFileReference; lastKnownFileType = file.storyboard; name = Base; path = Base.lproj/LaunchScreen.storyboard; sourceTree = "<group>"; };
		433FF8C823795201004BD4EC /* Info.plist */ = {isa = PBXFileReference; lastKnownFileType = text.plist.xml; path = Info.plist; sourceTree = "<group>"; };
/* End PBXFileReference section */

/* Begin PBXFrameworksBuildPhase section */
		433FF8B423795200004BD4EC /* Frameworks */ = {
			isa = PBXFrameworksBuildPhase;
			buildActionMask = 2147483647;
			files = (
			);
			runOnlyForDeploymentPostprocessing = 0;
		};
/* End PBXFrameworksBuildPhase section */

/* Begin PBXGroup section */
		433FF8AE23795200004BD4EC = {
			isa = PBXGroup;
			children = (
				433FF8B923795200004BD4EC /* poke_type */,
				433FF8B823795200004BD4EC /* Products */,
			);
			sourceTree = "<group>";
		};
		433FF8B823795200004BD4EC /* Products */ = {
			isa = PBXGroup;
			children = (
				433FF8B723795200004BD4EC /* poke_type.app */,
			);
			name = Products;
			sourceTree = "<group>";
		};
		433FF8B923795200004BD4EC /* poke_type */ = {
			isa = PBXGroup;
			children = (
				433FF8BA23795200004BD4EC /* AppDelegate.swift */,
				433FF8BC23795200004BD4EC /* SceneDelegate.swift */,
				433FF8BE23795200004BD4EC /* ContentView.swift */,
				433FF8C023795201004BD4EC /* Assets.xcassets */,
				433FF8C523795201004BD4EC /* LaunchScreen.storyboard */,
				433FF8C823795201004BD4EC /* Info.plist */,
				433FF8C223795201004BD4EC /* Preview Content */,
			);
			path = poke_type;
			sourceTree = "<group>";
		};
		433FF8C223795201004BD4EC /* Preview Content */ = {
			isa = PBXGroup;
			children = (
				433FF8C323795201004BD4EC /* Preview Assets.xcassets */,
			);
			path = "Preview Content";
			sourceTree = "<group>";
		};
/* End PBXGroup section */

/* Begin PBXNativeTarget section */
		433FF8B623795200004BD4EC /* poke_type */ = {
			isa = PBXNativeTarget;
			buildConfigurationList = 433FF8CB23795201004BD4EC /* Build configuration list for PBXNativeTarget "poke_type" */;
			buildPhases = (
				433FF8B323795200004BD4EC /* Sources */,
				433FF8B423795200004BD4EC /* Frameworks */,
				433FF8B523795200004BD4EC /* Resources */,
			);
			buildRules = (
			);
			dependencies = (
			);
			name = poke_type;
			productName = poke_type;
			productReference = 433FF8B723795200004BD4EC /* poke_type.app */;
			productType = "com.apple.product-type.application";
		};
/* End PBXNativeTarget section */

/* Begin PBXProject section */
		433FF8AF23795200004BD4EC /* Project object */ = {
			isa = PBXProject;
			attributes = {
				LastSwiftUpdateCheck = 1110;
				LastUpgradeCheck = 1110;
				ORGANIZATIONNAME = com.pika;
				TargetAttributes = {
					433FF8B623795200004BD4EC = {
						CreatedOnToolsVersion = 11.1;
					};
				};
			};
			buildConfigurationList = 433FF8B223795200004BD4EC /* Build configuration list for PBXProject "poke_type" */;
			compatibilityVersion = "Xcode 9.3";
			developmentRegion = en;
			hasScannedForEncodings = 0;
			knownRegions = (
				en,
				Base,
			);
			mainGroup = 433FF8AE23795200004BD4EC;
			productRefGroup = 433FF8B823795200004BD4EC /* Products */;
			projectDirPath = "";
			projectRoot = "";
			targets = (
				433FF8B623795200004BD4EC /* poke_type */,
			);
		};
/* End PBXProject section */

/* Begin PBXResourcesBuildPhase section */
		433FF8B523795200004BD4EC /* Resources */ = {
			isa = PBXResourcesBuildPhase;
			buildActionMask = 2147483647;
			files = (
				433FF8C723795201004BD4EC /* LaunchScreen.storyboard in Resources */,
				433FF8C423795201004BD4EC /* Preview Assets.xcassets in Resources */,
				433FF8C123795201004BD4EC /* Assets.xcassets in Resources */,
			);
			runOnlyForDeploymentPostprocessing = 0;
		};
/* End PBXResourcesBuildPhase section */

/* Begin PBXSourcesBuildPhase section */
		433FF8B323795200004BD4EC /* Sources */ = {
			isa = PBXSourcesBuildPhase;
			buildActionMask = 2147483647;
			files = (
				433FF8BB23795200004BD4EC /* AppDelegate.swift in Sources */,
				433FF8BD23795200004BD4EC /* SceneDelegate.swift in Sources */,
				433FF8BF23795200004BD4EC /* ContentView.swift in Sources */,
			);
			runOnlyForDeploymentPostprocessing = 0;
		};
/* End PBXSourcesBuildPhase section */

/* Begin PBXVariantGroup section */
		433FF8C523795201004BD4EC /* LaunchScreen.storyboard */ = {
			isa = PBXVariantGroup;
			children = (
				433FF8C623795201004BD4EC /* Base */,
			);
			name = LaunchScreen.storyboard;
			sourceTree = "<group>";
		};
/* End PBXVariantGroup section */

/* Begin XCBuildConfiguration section */
		433FF8C923795201004BD4EC /* Debug */ = {
			isa = XCBuildConfiguration;
			buildSettings = {
				ALWAYS_SEARCH_USER_PATHS = NO;
				CLANG_ANALYZER_NONNULL = YES;
				CLANG_ANALYZER_NUMBER_OBJECT_CONVERSION = YES_AGGRESSIVE;
				CLANG_CXX_LANGUAGE_STANDARD = "gnu++14";
				CLANG_CXX_LIBRARY = "libc++";
				CLANG_ENABLE_MODULES = YES;
				CLANG_ENABLE_OBJC_ARC = YES;
				CLANG_ENABLE_OBJC_WEAK = YES;
				CLANG_WARN_BLOCK_CAPTURE_AUTORELEASING = YES;
				CLANG_WARN_BOOL_CONVERSION = YES;
				CLANG_WARN_COMMA = YES;
				CLANG_WARN_CONSTANT_CONVERSION = YES;
				CLANG_WARN_DEPRECATED_OBJC_IMPLEMENTATIONS = YES;
				CLANG_WARN_DIRECT_OBJC_ISA_USAGE = YES_ERROR;
				CLANG_WARN_DOCUMENTATION_COMMENTS = YES;
				CLANG_WARN_EMPTY_BODY = YES;
				CLANG_WARN_ENUM_CONVERSION = YES;
				CLANG_WARN_INFINITE_RECURSION = YES;
				CLANG_WARN_INT_CONVERSION = YES;
				CLANG_WARN_NON_LITERAL_NULL_CONVERSION = YES;
				CLANG_WARN_OBJC_IMPLICIT_RETAIN_SELF = YES;
				CLANG_WARN_OBJC_LITERAL_CONVERSION = YES;
				CLANG_WARN_OBJC_ROOT_CLASS = YES_ERROR;
				CLANG_WARN_RANGE_LOOP_ANALYSIS = YES;
				CLANG_WARN_STRICT_PROTOTYPES = YES;
				CLANG_WARN_SUSPICIOUS_MOVE = YES;
				CLANG_WARN_UNGUARDED_AVAILABILITY = YES_AGGRESSIVE;
				CLANG_WARN_UNREACHABLE_CODE = YES;
				CLANG_WARN__DUPLICATE_METHOD_MATCH = YES;
				COPY_PHASE_STRIP = NO;
				DEBUG_INFORMATION_FORMAT = dwarf;
				ENABLE_STRICT_OBJC_MSGSEND = YES;
				ENABLE_TESTABILITY = YES;
				GCC_C_LANGUAGE_STANDARD = gnu11;
				GCC_DYNAMIC_NO_PIC = NO;
				GCC_NO_COMMON_BLOCKS = YES;
				GCC_OPTIMIZATION_LEVEL = 0;
				GCC_PREPROCESSOR_DEFINITIONS = (
					"DEBUG=1",
					"$(inherited)",
				);
				GCC_WARN_64_TO_32_BIT_CONVERSION = YES;
				GCC_WARN_ABOUT_RETURN_TYPE = YES_ERROR;
				GCC_WARN_UNDECLARED_SELECTOR = YES;
				GCC_WARN_UNINITIALIZED_AUTOS = YES_AGGRESSIVE;
				GCC_WARN_UNUSED_FUNCTION = YES;
				GCC_WARN_UNUSED_VARIABLE = YES;
				IPHONEOS_DEPLOYMENT_TARGET = 13.1;
				MTL_ENABLE_DEBUG_INFO = INCLUDE_SOURCE;
				MTL_FAST_MATH = YES;
				ONLY_ACTIVE_ARCH = YES;
				SDKROOT = iphoneos;
				SWIFT_ACTIVE_COMPILATION_CONDITIONS = DEBUG;
				SWIFT_OPTIMIZATION_LEVEL = "-Onone";
			};
			name = Debug;
		};
		433FF8CA23795201004BD4EC /* Release */ = {
			isa = XCBuildConfiguration;
			buildSettings = {
				ALWAYS_SEARCH_USER_PATHS = NO;
				CLANG_ANALYZER_NONNULL = YES;
				CLANG_ANALYZER_NUMBER_OBJECT_CONVERSION = YES_AGGRESSIVE;
				CLANG_CXX_LANGUAGE_STANDARD = "gnu++14";
				CLANG_CXX_LIBRARY = "libc++";
				CLANG_ENABLE_MODULES = YES;
				CLANG_ENABLE_OBJC_ARC = YES;
				CLANG_ENABLE_OBJC_WEAK = YES;
				CLANG_WARN_BLOCK_CAPTURE_AUTORELEASING = YES;
				CLANG_WARN_BOOL_CONVERSION = YES;
				CLANG_WARN_COMMA = YES;
				CLANG_WARN_CONSTANT_CONVERSION = YES;
				CLANG_WARN_DEPRECATED_OBJC_IMPLEMENTATIONS = YES;
				CLANG_WARN_DIRECT_OBJC_ISA_USAGE = YES_ERROR;
				CLANG_WARN_DOCUMENTATION_COMMENTS = YES;
				CLANG_WARN_EMPTY_BODY = YES;
				CLANG_WARN_ENUM_CONVERSION = YES;
				CLANG_WARN_INFINITE_RECURSION = YES;
				CLANG_WARN_INT_CONVERSION = YES;
				CLANG_WARN_NON_LITERAL_NULL_CONVERSION = YES;
				CLANG_WARN_OBJC_IMPLICIT_RETAIN_SELF = YES;
				CLANG_WARN_OBJC_LITERAL_CONVERSION = YES;
				CLANG_WARN_OBJC_ROOT_CLASS = YES_ERROR;
				CLANG_WARN_RANGE_LOOP_ANALYSIS = YES;
				CLANG_WARN_STRICT_PROTOTYPES = YES;
				CLANG_WARN_SUSPICIOUS_MOVE = YES;
				CLANG_WARN_UNGUARDED_AVAILABILITY = YES_AGGRESSIVE;
				CLANG_WARN_UNREACHABLE_CODE = YES;
				CLANG_WARN__DUPLICATE_METHOD_MATCH = YES;
				COPY_PHASE_STRIP = NO;
				DEBUG_INFORMATION_FORMAT = "dwarf-with-dsym";
				ENABLE_NS_ASSERTIONS = NO;
				ENABLE_STRICT_OBJC_MSGSEND = YES;
				GCC_C_LANGUAGE_STANDARD = gnu11;
				GCC_NO_COMMON_BLOCKS = YES;
				GCC_WARN_64_TO_32_BIT_CONVERSION = YES;
				GCC_WARN_ABOUT_RETURN_TYPE = YES_ERROR;
				GCC_WARN_UNDECLARED_SELECTOR = YES;
				GCC_WARN_UNINITIALIZED_AUTOS = YES_AGGRESSIVE;
				GCC_WARN_UNUSED_FUNCTION = YES;
				GCC_WARN_UNUSED_VARIABLE = YES;
				IPHONEOS_DEPLOYMENT_TARGET = 13.1;
				MTL_ENABLE_DEBUG_INFO = NO;
				MTL_FAST_MATH = YES;
				SDKROOT = iphoneos;
				SWIFT_COMPILATION_MODE = wholemodule;
				SWIFT_OPTIMIZATION_LEVEL = "-O";
				VALIDATE_PRODUCT = YES;
			};
			name = Release;
		};
		433FF8CC23795201004BD4EC /* Debug */ = {
			isa = XCBuildConfiguration;
			buildSettings = {
				ASSETCATALOG_COMPILER_APPICON_NAME = AppIcon;
				CODE_SIGN_STYLE = Automatic;
				DEVELOPMENT_ASSET_PATHS = "\"poke_type/Preview Content\"";
				ENABLE_PREVIEWS = YES;
				INFOPLIST_FILE = poke_type/Info.plist;
				LD_RUNPATH_SEARCH_PATHS = (
					"$(inherited)",
					"@executable_path/Frameworks",
				);
				PRODUCT_BUNDLE_IDENTIFIER = "-8.poke-type";
				PRODUCT_NAME = "$(TARGET_NAME)";
				SWIFT_VERSION = 5.0;
				TARGETED_DEVICE_FAMILY = "1,2";
			};
			name = Debug;
		};
		433FF8CD23795201004BD4EC /* Release */ = {
			isa = XCBuildConfiguration;
			buildSettings = {
				ASSETCATALOG_COMPILER_APPICON_NAME = AppIcon;
				CODE_SIGN_STYLE = Automatic;
				DEVELOPMENT_ASSET_PATHS = "\"poke_type/Preview Content\"";
				ENABLE_PREVIEWS = YES;
				INFOPLIST_FILE = poke_type/Info.plist;
				LD_RUNPATH_SEARCH_PATHS = (
					"$(inherited)",
					"@executable_path/Frameworks",
				);
				PRODUCT_BUNDLE_IDENTIFIER = "-8.poke-type";
				PRODUCT_NAME = "$(TARGET_NAME)";
				SWIFT_VERSION = 5.0;
				TARGETED_DEVICE_FAMILY = "1,2";
			};
			name = Release;
		};
/* End XCBuildConfiguration section */

/* Begin XCConfigurationList section */
		433FF8B223795200004BD4EC /* Build configuration list for PBXProject "poke_type" */ = {
			isa = XCConfigurationList;
			buildConfigurations = (
				433FF8C923795201004BD4EC /* Debug */,
				433FF8CA23795201004BD4EC /* Release */,
			);
			defaultConfigurationIsVisible = 0;
			defaultConfigurationName = Release;
		};
		433FF8CB23795201004BD4EC /* Build configuration list for PBXNativeTarget "poke_type" */ = {
			isa = XCConfigurationList;
			buildConfigurations = (
				433FF8CC23795201004BD4EC /* Debug */,
				433FF8CD23795201004BD4EC /* Release */,
			);
			defaultConfigurationIsVisible = 0;
			defaultConfigurationName = Release;
		};
/* End XCConfigurationList section */
	};
	rootObject = 433FF8AF23795200004BD4EC /* Project object */;
}
